
Microsoft Visual Studio Solution File, Format Version 12.00
# Visual Studio 14
VisualStudioVersion = 14.0.25420.1
MinimumVisualStudioVersion = 10.0.40219.1
Project("{FAE04EC0-301F-11D3-BF4B-00C04F79EFBC}") = "BookStore", "BookStore\BookStore.csproj", "{A25AAE66-06F9-4B22-A073-92C52B99BC26}"
EndProject
Project("{FAE04EC0-301F-11D3-BF4B-00C04F79EFBC}") = "BookStore.Tests", "BookStore.Tests\BookStore.Tests.csproj", "{F3C3903F-D7BB-462E-9554-CBA26AD36050}"
EndProject
Global
	GlobalSection(SolutionConfigurationPlatforms) = preSolution
		Debug|Any CPU = Debug|Any CPU
		Release|Any CPU = Release|Any CPU
	EndGlobalSection
	GlobalSection(ProjectConfigurationPlatforms) = postSolution
		{A25AAE66-06F9-4B22-A073-92C52B99BC26}.Debug|Any CPU.ActiveCfg = Debug|Any CPU
		{A25AAE66-06F9-4B22-A073-92C52B99BC26}.Debug|Any CPU.Build.0 = Debug|Any CPU
		{A25AAE66-06F9-4B22-A073-92C52B99BC26}.Release|Any CPU.ActiveCfg = Release|Any CPU
		{A25AAE66-06F9-4B22-A073-92C52B99BC26}.Release|Any CPU.Build.0 = Release|Any CPU
		{F3C3903F-D7BB-462E-9554-CBA26AD36050}.Debug|Any CPU.ActiveCfg = Debug|Any CPU
		{F3C3903F-D7BB-462E-9554-CBA26AD36050}.Debug|Any CPU.Build.0 = Debug|Any CPU
		{F3C3903F-D7BB-462E-9554-CBA26AD36050}.Release|Any CPU.ActiveCfg = Release|Any CPU
		{F3C3903F-D7BB-462E-9554-CBA26AD36050}.Release|Any CPU.Build.0 = Release|Any CPU
	EndGlobalSection
	GlobalSection(SolutionProperties) = preSolution
		HideSolutionNode = FALSE
	EndGlobalSection
EndGlobal
